// !$*UTF8*$!
{
	archiveVersion = 1;
	classes = {
	};
	objectVersion = 56;
	objects = {

/* Begin PBXBuildFile section */
		18BF8C4C2D01B2F700D3E571 /* AppDelegate.swift in Sources */ = {isa = PBXBuildFile; fileRef = 18BF8C4B2D01B2F700D3E571 /* AppDelegate.swift */; };
		18BF8C4E2D01B2F700D3E571 /* SceneDelegate.swift in Sources */ = {isa = PBXBuildFile; fileRef = 18BF8C4D2D01B2F700D3E571 /* SceneDelegate.swift */; };
		18BF8C502D01B2F700D3E571 /* ViewController.swift in Sources */ = {isa = PBXBuildFile; fileRef = 18BF8C4F2D01B2F700D3E571 /* ViewController.swift */; };
		18BF8C532D01B2F700D3E571 /* Main.storyboard in Resources */ = {isa = PBXBuildFile; fileRef = 18BF8C512D01B2F700D3E571 /* Main.storyboard */; };
		18BF8C552D01B2FB00D3E571 /* Assets.xcassets in Resources */ = {isa = PBXBuildFile; fileRef = 18BF8C542D01B2FB00D3E571 /* Assets.xcassets */; };
		18BF8C582D01B2FB00D3E571 /* LaunchScreen.storyboard in Resources */ = {isa = PBXBuildFile; fileRef = 18BF8C562D01B2FB00D3E571 /* LaunchScreen.storyboard */; };
		18BF8C652D01BF5900D3E571 /* quizScreenString.swift in Sources */ = {isa = PBXBuildFile; fileRef = 18BF8C642D01BF5900D3E571 /* quizScreenString.swift */; };
		18BF8C672D02C61800D3E571 /* QuizQuestionViewController.swift in Sources */ = {isa = PBXBuildFile; fileRef = 18BF8C662D02C61800D3E571 /* QuizQuestionViewController.swift */; };
		18BF8C692D02DF4D00D3E571 /* quizQueModel.swift in Sources */ = {isa = PBXBuildFile; fileRef = 18BF8C682D02DF4D00D3E571 /* quizQueModel.swift */; };
		18BF8C6B2D030F5A00D3E571 /* ResultViewController.swift in Sources */ = {isa = PBXBuildFile; fileRef = 18BF8C6A2D030F5A00D3E571 /* ResultViewController.swift */; };
/* End PBXBuildFile section */

/* Begin PBXFileReference section */
		18BF8C482D01B2F700D3E571 /* QuizApplication.app */ = {isa = PBXFileReference; explicitFileType = wrapper.application; includeInIndex = 0; path = QuizApplication.app; sourceTree = BUILT_PRODUCTS_DIR; };
		18BF8C4B2D01B2F700D3E571 /* AppDelegate.swift */ = {isa = PBXFileReference; lastKnownFileType = sourcecode.swift; path = AppDelegate.swift; sourceTree = "<group>"; };
		18BF8C4D2D01B2F700D3E571 /* SceneDelegate.swift */ = {isa = PBXFileReference; lastKnownFileType = sourcecode.swift; path = SceneDelegate.swift; sourceTree = "<group>"; };
		18BF8C4F2D01B2F700D3E571 /* ViewController.swift */ = {isa = PBXFileReference; lastKnownFileType = sourcecode.swift; path = ViewController.swift; sourceTree = "<group>"; };
		18BF8C522D01B2F700D3E571 /* Base */ = {isa = PBXFileReference; lastKnownFileType = file.storyboard; name = Base; path = Base.lproj/Main.storyboard; sourceTree = "<group>"; };
		18BF8C542D01B2FB00D3E571 /* Assets.xcassets */ = {isa = PBXFileReference; lastKnownFileType = folder.assetcatalog; path = Assets.xcassets; sourceTree = "<group>"; };
		18BF8C572D01B2FB00D3E571 /* Base */ = {isa = PBXFileReference; lastKnownFileType = file.storyboard; name = Base; path = Base.lproj/LaunchScreen.storyboard; sourceTree = "<group>"; };
		18BF8C592D01B2FB00D3E571 /* Info.plist */ = {isa = PBXFileReference; lastKnownFileType = text.plist.xml; path = Info.plist; sourceTree = "<group>"; };
		18BF8C642D01BF5900D3E571 /* quizScreenString.swift */ = {isa = PBXFileReference; lastKnownFileType = sourcecode.swift; path = quizScreenString.swift; sourceTree = "<group>"; };
		18BF8C662D02C61800D3E571 /* QuizQuestionViewController.swift */ = {isa = PBXFileReference; lastKnownFileType = sourcecode.swift; path = QuizQuestionViewController.swift; sourceTree = "<group>"; };
		18BF8C682D02DF4D00D3E571 /* quizQueModel.swift */ = {isa = PBXFileReference; lastKnownFileType = sourcecode.swift; path = quizQueModel.swift; sourceTree = "<group>"; };
		18BF8C6A2D030F5A00D3E571 /* ResultViewController.swift */ = {isa = PBXFileReference; lastKnownFileType = sourcecode.swift; path = ResultViewController.swift; sourceTree = "<group>"; };
/* End PBXFileReference section */

/* Begin PBXFrameworksBuildPhase section */
		18BF8C452D01B2F700D3E571 /* Frameworks */ = {
			isa = PBXFrameworksBuildPhase;
			buildActionMask = 2147483647;
			files = (
			);
			runOnlyForDeploymentPostprocessing = 0;
		};
/* End PBXFrameworksBuildPhase section */

/* Begin PBXGroup section */
		18BF8C3F2D01B2F700D3E571 = {
			isa = PBXGroup;
			children = (
				18BF8C4A2D01B2F700D3E571 /* QuizApplication */,
				18BF8C492D01B2F700D3E571 /* Products */,
			);
			sourceTree = "<group>";
		};
		18BF8C492D01B2F700D3E571 /* Products */ = {
			isa = PBXGroup;
			children = (
				18BF8C482D01B2F700D3E571 /* QuizApplication.app */,
			);
			name = Products;
			sourceTree = "<group>";
		};
		18BF8C4A2D01B2F700D3E571 /* QuizApplication */ = {
			isa = PBXGroup;
			children = (
				18BF8C632D01BF2400D3E571 /* Model */,
				18BF8C622D01BF1700D3E571 /* Strings */,
				18BF8C612D01BEF500D3E571 /* ViewModel */,
				18BF8C602D01BEE900D3E571 /* View */,
				18BF8C4B2D01B2F700D3E571 /* AppDelegate.swift */,
				18BF8C4D2D01B2F700D3E571 /* SceneDelegate.swift */,
				18BF8C512D01B2F700D3E571 /* Main.storyboard */,
				18BF8C542D01B2FB00D3E571 /* Assets.xcassets */,
				18BF8C562D01B2FB00D3E571 /* LaunchScreen.storyboard */,
				18BF8C592D01B2FB00D3E571 /* Info.plist */,
			);
			path = QuizApplication;
			sourceTree = "<group>";
		};
		18BF8C602D01BEE900D3E571 /* View */ = {
			isa = PBXGroup;
			children = (
				18BF8C4F2D01B2F700D3E571 /* ViewController.swift */,
				18BF8C662D02C61800D3E571 /* QuizQuestionViewController.swift */,
				18BF8C6A2D030F5A00D3E571 /* ResultViewController.swift */,
			);
			path = View;
			sourceTree = "<group>";
		};
		18BF8C612D01BEF500D3E571 /* ViewModel */ = {
			isa = PBXGroup;
			children = (
			);
			path = ViewModel;
			sourceTree = "<group>";
		};
		18BF8C622D01BF1700D3E571 /* Strings */ = {
			isa = PBXGroup;
			children = (
				18BF8C642D01BF5900D3E571 /* quizScreenString.swift */,
			);
			path = Strings;
			sourceTree = "<group>";
		};
		18BF8C632D01BF2400D3E571 /* Model */ = {
			isa = PBXGroup;
			children = (
				18BF8C682D02DF4D00D3E571 /* quizQueModel.swift */,
			);
			path = Model;
			sourceTree = "<group>";
		};
/* End PBXGroup section */

/* Begin PBXNativeTarget section */
		18BF8C472D01B2F700D3E571 /* QuizApplication */ = {
			isa = PBXNativeTarget;
			buildConfigurationList = 18BF8C5C2D01B2FB00D3E571 /* Build configuration list for PBXNativeTarget "QuizApplication" */;
			buildPhases = (
				18BF8C442D01B2F700D3E571 /* Sources */,
				18BF8C452D01B2F700D3E571 /* Frameworks */,
				18BF8C462D01B2F700D3E571 /* Resources */,
			);
			buildRules = (
			);
			dependencies = (
			);
			name = QuizApplication;
			productName = QuizApplication;
			productReference = 18BF8C482D01B2F700D3E571 /* QuizApplication.app */;
			productType = "com.apple.product-type.application";
		};
/* End PBXNativeTarget section */

/* Begin PBXProject section */
		18BF8C402D01B2F700D3E571 /* Project object */ = {
			isa = PBXProject;
			attributes = {
				BuildIndependentTargetsInParallel = 1;
				LastSwiftUpdateCheck = 1420;
				LastUpgradeCheck = 1420;
				TargetAttributes = {
					18BF8C472D01B2F700D3E571 = {
						CreatedOnToolsVersion = 14.2;
					};
				};
			};
			buildConfigurationList = 18BF8C432D01B2F700D3E571 /* Build configuration list for PBXProject "QuizApplication" */;
			compatibilityVersion = "Xcode 14.0";
			developmentRegion = en;
			hasScannedForEncodings = 0;
			knownRegions = (
				en,
				Base,
			);
			mainGroup = 18BF8C3F2D01B2F700D3E571;
			productRefGroup = 18BF8C492D01B2F700D3E571 /* Products */;
			projectDirPath = "";
			projectRoot = "";
			targets = (
				18BF8C472D01B2F700D3E571 /* QuizApplication */,
			);
		};
/* End PBXProject section */

/* Begin PBXResourcesBuildPhase section */
		18BF8C462D01B2F700D3E571 /* Resources */ = {
			isa = PBXResourcesBuildPhase;
			buildActionMask = 2147483647;
			files = (
				18BF8C582D01B2FB00D3E571 /* LaunchScreen.storyboard in Resources */,
				18BF8C552D01B2FB00D3E571 /* Assets.xcassets in Resources */,
				18BF8C532D01B2F700D3E571 /* Main.storyboard in Resources */,
			);
			runOnlyForDeploymentPostprocessing = 0;
		};
/* End PBXResourcesBuildPhase section */

/* Begin PBXSourcesBuildPhase section */
		18BF8C442D01B2F700D3E571 /* Sources */ = {
			isa = PBXSourcesBuildPhase;
			buildActionMask = 2147483647;
			files = (
				18BF8C692D02DF4D00D3E571 /* quizQueModel.swift in Sources */,
				18BF8C502D01B2F700D3E571 /* ViewController.swift in Sources */,
				18BF8C6B2D030F5A00D3E571 /* ResultViewController.swift in Sources */,
				18BF8C652D01BF5900D3E571 /* quizScreenString.swift in Sources */,
				18BF8C4C2D01B2F700D3E571 /* AppDelegate.swift in Sources */,
				18BF8C672D02C61800D3E571 /* QuizQuestionViewController.swift in Sources */,
				18BF8C4E2D01B2F700D3E571 /* SceneDelegate.swift in Sources */,
			);
			runOnlyForDeploymentPostprocessing = 0;
		};
/* End PBXSourcesBuildPhase section */

/* Begin PBXVariantGroup section */
		18BF8C512D01B2F700D3E571 /* Main.storyboard */ = {
			isa = PBXVariantGroup;
			children = (
				18BF8C522D01B2F700D3E571 /* Base */,
			);
			name = Main.storyboard;
			sourceTree = "<group>";
		};
		18BF8C562D01B2FB00D3E571 /* LaunchScreen.storyboard */ = {
			isa = PBXVariantGroup;
			children = (
				18BF8C572D01B2FB00D3E571 /* Base */,
			);
			name = LaunchScreen.storyboard;
			sourceTree = "<group>";
		};
/* End PBXVariantGroup section */

/* Begin XCBuildConfiguration section */
		18BF8C5A2D01B2FB00D3E571 /* Debug */ = {
			isa = XCBuildConfiguration;
			buildSettings = {
				ALWAYS_SEARCH_USER_PATHS = NO;
				CLANG_ANALYZER_NONNULL = YES;
				CLANG_ANALYZER_NUMBER_OBJECT_CONVERSION = YES_AGGRESSIVE;
				CLANG_CXX_LANGUAGE_STANDARD = "gnu++20";
				CLANG_ENABLE_MODULES = YES;
				CLANG_ENABLE_OBJC_ARC = YES;
				CLANG_ENABLE_OBJC_WEAK = YES;
				CLANG_WARN_BLOCK_CAPTURE_AUTORELEASING = YES;
				CLANG_WARN_BOOL_CONVERSION = YES;
				CLANG_WARN_COMMA = YES;
				CLANG_WARN_CONSTANT_CONVERSION = YES;
				CLANG_WARN_DEPRECATED_OBJC_IMPLEMENTATIONS = YES;
				CLANG_WARN_DIRECT_OBJC_ISA_USAGE = YES_ERROR;
				CLANG_WARN_DOCUMENTATION_COMMENTS = YES;
				CLANG_WARN_EMPTY_BODY = YES;
				CLANG_WARN_ENUM_CONVERSION = YES;
				CLANG_WARN_INFINITE_RECURSION = YES;
				CLANG_WARN_INT_CONVERSION = YES;
				CLANG_WARN_NON_LITERAL_NULL_CONVERSION = YES;
				CLANG_WARN_OBJC_IMPLICIT_RETAIN_SELF = YES;
				CLANG_WARN_OBJC_LITERAL_CONVERSION = YES;
				CLANG_WARN_OBJC_ROOT_CLASS = YES_ERROR;
				CLANG_WARN_QUOTED_INCLUDE_IN_FRAMEWORK_HEADER = YES;
				CLANG_WARN_RANGE_LOOP_ANALYSIS = YES;
				CLANG_WARN_STRICT_PROTOTYPES = YES;
				CLANG_WARN_SUSPICIOUS_MOVE = YES;
				CLANG_WARN_UNGUARDED_AVAILABILITY = YES_AGGRESSIVE;
				CLANG_WARN_UNREACHABLE_CODE = YES;
				CLANG_WARN__DUPLICATE_METHOD_MATCH = YES;
				COPY_PHASE_STRIP = NO;
				DEBUG_INFORMATION_FORMAT = dwarf;
				ENABLE_STRICT_OBJC_MSGSEND = YES;
				ENABLE_TESTABILITY = YES;
				GCC_C_LANGUAGE_STANDARD = gnu11;
				GCC_DYNAMIC_NO_PIC = NO;
				GCC_NO_COMMON_BLOCKS = YES;
				GCC_OPTIMIZATION_LEVEL = 0;
				GCC_PREPROCESSOR_DEFINITIONS = (
					"DEBUG=1",
					"$(inherited)",
				);
				GCC_WARN_64_TO_32_BIT_CONVERSION = YES;
				GCC_WARN_ABOUT_RETURN_TYPE = YES_ERROR;
				GCC_WARN_UNDECLARED_SELECTOR = YES;
				GCC_WARN_UNINITIALIZED_AUTOS = YES_AGGRESSIVE;
				GCC_WARN_UNUSED_FUNCTION = YES;
				GCC_WARN_UNUSED_VARIABLE = YES;
				IPHONEOS_DEPLOYMENT_TARGET = 16.2;
				MTL_ENABLE_DEBUG_INFO = INCLUDE_SOURCE;
				MTL_FAST_MATH = YES;
				ONLY_ACTIVE_ARCH = YES;
				SDKROOT = iphoneos;
				SWIFT_ACTIVE_COMPILATION_CONDITIONS = DEBUG;
				SWIFT_OPTIMIZATION_LEVEL = "-Onone";
			};
			name = Debug;
		};
		18BF8C5B2D01B2FB00D3E571 /* Release */ = {
			isa = XCBuildConfiguration;
			buildSettings = {
				ALWAYS_SEARCH_USER_PATHS = NO;
				CLANG_ANALYZER_NONNULL = YES;
				CLANG_ANALYZER_NUMBER_OBJECT_CONVERSION = YES_AGGRESSIVE;
				CLANG_CXX_LANGUAGE_STANDARD = "gnu++20";
				CLANG_ENABLE_MODULES = YES;
				CLANG_ENABLE_OBJC_ARC = YES;
				CLANG_ENABLE_OBJC_WEAK = YES;
				CLANG_WARN_BLOCK_CAPTURE_AUTORELEASING = YES;
				CLANG_WARN_BOOL_CONVERSION = YES;
				CLANG_WARN_COMMA = YES;
				CLANG_WARN_CONSTANT_CONVERSION = YES;
				CLANG_WARN_DEPRECATED_OBJC_IMPLEMENTATIONS = YES;
				CLANG_WARN_DIRECT_OBJC_ISA_USAGE = YES_ERROR;
				CLANG_WARN_DOCUMENTATION_COMMENTS = YES;
				CLANG_WARN_EMPTY_BODY = YES;
				CLANG_WARN_ENUM_CONVERSION = YES;
				CLANG_WARN_INFINITE_RECURSION = YES;
				CLANG_WARN_INT_CONVERSION = YES;
				CLANG_WARN_NON_LITERAL_NULL_CONVERSION = YES;
				CLANG_WARN_OBJC_IMPLICIT_RETAIN_SELF = YES;
				CLANG_WARN_OBJC_LITERAL_CONVERSION = YES;
				CLANG_WARN_OBJC_ROOT_CLASS = YES_ERROR;
				CLANG_WARN_QUOTED_INCLUDE_IN_FRAMEWORK_HEADER = YES;
				CLANG_WARN_RANGE_LOOP_ANALYSIS = YES;
				CLANG_WARN_STRICT_PROTOTYPES = YES;
				CLANG_WARN_SUSPICIOUS_MOVE = YES;
				CLANG_WARN_UNGUARDED_AVAILABILITY = YES_AGGRESSIVE;
				CLANG_WARN_UNREACHABLE_CODE = YES;
				CLANG_WARN__DUPLICATE_METHOD_MATCH = YES;
				COPY_PHASE_STRIP = NO;
				DEBUG_INFORMATION_FORMAT = "dwarf-with-dsym";
				ENABLE_NS_ASSERTIONS = NO;
				ENABLE_STRICT_OBJC_MSGSEND = YES;
				GCC_C_LANGUAGE_STANDARD = gnu11;
				GCC_NO_COMMON_BLOCKS = YES;
				GCC_WARN_64_TO_32_BIT_CONVERSION = YES;
				GCC_WARN_ABOUT_RETURN_TYPE = YES_ERROR;
				GCC_WARN_UNDECLARED_SELECTOR = YES;
				GCC_WARN_UNINITIALIZED_AUTOS = YES_AGGRESSIVE;
				GCC_WARN_UNUSED_FUNCTION = YES;
				GCC_WARN_UNUSED_VARIABLE = YES;
				IPHONEOS_DEPLOYMENT_TARGET = 16.2;
				MTL_ENABLE_DEBUG_INFO = NO;
				MTL_FAST_MATH = YES;
				SDKROOT = iphoneos;
				SWIFT_COMPILATION_MODE = wholemodule;
				SWIFT_OPTIMIZATION_LEVEL = "-O";
				VALIDATE_PRODUCT = YES;
			};
			name = Release;
		};
		18BF8C5D2D01B2FB00D3E571 /* Debug */ = {
			isa = XCBuildConfiguration;
			buildSettings = {
				ASSETCATALOG_COMPILER_APPICON_NAME = AppIcon;
				ASSETCATALOG_COMPILER_GLOBAL_ACCENT_COLOR_NAME = AccentColor;
				CODE_SIGN_STYLE = Automatic;
				CURRENT_PROJECT_VERSION = 1;
				GENERATE_INFOPLIST_FILE = YES;
				INFOPLIST_FILE = QuizApplication/Info.plist;
				INFOPLIST_KEY_UIApplicationSupportsIndirectInputEvents = YES;
				INFOPLIST_KEY_UILaunchStoryboardName = LaunchScreen;
				INFOPLIST_KEY_UIMainStoryboardFile = Main;
				INFOPLIST_KEY_UISupportedInterfaceOrientations_iPad = "UIInterfaceOrientationPortrait UIInterfaceOrientationPortraitUpsideDown UIInterfaceOrientationLandscapeLeft UIInterfaceOrientationLandscapeRight";
				INFOPLIST_KEY_UISupportedInterfaceOrientations_iPhone = "UIInterfaceOrientationPortrait UIInterfaceOrientationLandscapeLeft UIInterfaceOrientationLandscapeRight";
				LD_RUNPATH_SEARCH_PATHS = (
					"$(inherited)",
					"@executable_path/Frameworks",
				);
				MARKETING_VERSION = 1.0;
				PRODUCT_BUNDLE_IDENTIFIER = digvijay.com.co.QuizApplication;
				PRODUCT_NAME = "$(TARGET_NAME)";
				SWIFT_EMIT_LOC_STRINGS = YES;
				SWIFT_VERSION = 5.0;
				TARGETED_DEVICE_FAMILY = "1,2";
			};
			name = Debug;
		};
		18BF8C5E2D01B2FB00D3E571 /* Release */ = {
			isa = XCBuildConfiguration;
			buildSettings = {
				ASSETCATALOG_COMPILER_APPICON_NAME = AppIcon;
				ASSETCATALOG_COMPILER_GLOBAL_ACCENT_COLOR_NAME = AccentColor;
				CODE_SIGN_STYLE = Automatic;
				CURRENT_PROJECT_VERSION = 1;
				GENERATE_INFOPLIST_FILE = YES;
				INFOPLIST_FILE = QuizApplication/Info.plist;
				INFOPLIST_KEY_UIApplicationSupportsIndirectInputEvents = YES;
				INFOPLIST_KEY_UILaunchStoryboardName = LaunchScreen;
				INFOPLIST_KEY_UIMainStoryboardFile = Main;
				INFOPLIST_KEY_UISupportedInterfaceOrientations_iPad = "UIInterfaceOrientationPortrait UIInterfaceOrientationPortraitUpsideDown UIInterfaceOrientationLandscapeLeft UIInterfaceOrientationLandscapeRight";
				INFOPLIST_KEY_UISupportedInterfaceOrientations_iPhone = "UIInterfaceOrientationPortrait UIInterfaceOrientationLandscapeLeft UIInterfaceOrientationLandscapeRight";
				LD_RUNPATH_SEARCH_PATHS = (
					"$(inherited)",
					"@executable_path/Frameworks",
				);
				MARKETING_VERSION = 1.0;
				PRODUCT_BUNDLE_IDENTIFIER = digvijay.com.co.QuizApplication;
				PRODUCT_NAME = "$(TARGET_NAME)";
				SWIFT_EMIT_LOC_STRINGS = YES;
				SWIFT_VERSION = 5.0;
				TARGETED_DEVICE_FAMILY = "1,2";
			};
			name = Release;
		};
/* End XCBuildConfiguration section */

/* Begin XCConfigurationList section */
		18BF8C432D01B2F700D3E571 /* Build configuration list for PBXProject "QuizApplication" */ = {
			isa = XCConfigurationList;
			buildConfigurations = (
				18BF8C5A2D01B2FB00D3E571 /* Debug */,
				18BF8C5B2D01B2FB00D3E571 /* Release */,
			);
			defaultConfigurationIsVisible = 0;
			defaultConfigurationName = Release;
		};
		18BF8C5C2D01B2FB00D3E571 /* Build configuration list for PBXNativeTarget "QuizApplication" */ = {
			isa = XCConfigurationList;
			buildConfigurations = (
				18BF8C5D2D01B2FB00D3E571 /* Debug */,
				18BF8C5E2D01B2FB00D3E571 /* Release */,
			);
			defaultConfigurationIsVisible = 0;
			defaultConfigurationName = Release;
		};
/* End XCConfigurationList section */
	};
	rootObject = 18BF8C402D01B2F700D3E571 /* Project object */;
}
